
Microsoft Visual Studio Solution File, Format Version 12.00
# Visual Studio 15
Project("{FAE04EC0-301F-11D3-BF4B-00C04F79EFBC}") = "Assembly-CSharp", "Assembly-CSharp.csproj", "{279C330A-F820-0C41-7539-0BCA1197953E}"
EndProject
Global
	GlobalSection(SolutionConfigurationPlatforms) = preSolution
		Debug|Any CPU = Debug|Any CPU
		Release|Any CPU = Release|Any CPU
	EndGlobalSection
	GlobalSection(ProjectConfigurationPlatforms) = postSolution
		{279C330A-F820-0C41-7539-0BCA1197953E}.Debug|Any CPU.ActiveCfg = Debug|Any CPU
		{279C330A-F820-0C41-7539-0BCA1197953E}.Debug|Any CPU.Build.0 = Debug|Any CPU
		{279C330A-F820-0C41-7539-0BCA1197953E}.Release|Any CPU.ActiveCfg = Release|Any CPU
		{279C330A-F820-0C41-7539-0BCA1197953E}.Release|Any CPU.Build.0 = Release|Any CPU
	EndGlobalSection
	GlobalSection(SolutionProperties) = preSolution
		HideSolutionNode = FALSE
	EndGlobalSection
EndGlobal
